{
  "version": 4,
  "terraform_version": "1.5.7",
  "serial": 7,
  "lineage": "f24c4441-26ad-958b-2b34-36bd5eebb110",
  "outputs": {},
  "resources": [
    {
      "module": "module.github_repository",
      "mode": "managed",
      "type": "github_repository",
      "name": "this",
      "provider": "module.github_repository.provider[\"registry.terraform.io/integrations/github\"]",
      "instances": [
        {
          "schema_version": 1,
          "attributes": {
            "allow_auto_merge": false,
            "allow_merge_commit": true,
            "allow_rebase_merge": true,
            "allow_squash_merge": true,
            "allow_update_branch": false,
            "archive_on_destroy": null,
            "archived": false,
            "auto_init": true,
            "default_branch": "main",
            "delete_branch_on_merge": false,
            "description": "",
            "etag": "W/\"5d97c0bcaeb661c5435fd39dd9a0069211aadb31176895f9ed7d8d8350f10a36\"",
            "full_name": "mykolapryvalov/flux-gitops",
            "git_clone_url": "git://github.com/mykolapryvalov/flux-gitops.git",
            "gitignore_template": null,
            "has_discussions": false,
            "has_downloads": false,
            "has_issues": false,
            "has_projects": false,
            "has_wiki": false,
            "homepage_url": "",
            "html_url": "https://github.com/mykolapryvalov/flux-gitops",
            "http_clone_url": "https://github.com/mykolapryvalov/flux-gitops.git",
            "id": "flux-gitops",
            "ignore_vulnerability_alerts_during_read": null,
            "is_template": false,
            "license_template": null,
            "merge_commit_message": "PR_TITLE",
            "merge_commit_title": "MERGE_MESSAGE",
            "name": "flux-gitops",
            "node_id": "R_kgDOL-FQtw",
            "pages": [],
            "primary_language": "",
            "private": true,
            "repo_id": 803295415,
            "security_and_analysis": [],
            "squash_merge_commit_message": "COMMIT_MESSAGES",
            "squash_merge_commit_title": "COMMIT_OR_PR_TITLE",
            "ssh_clone_url": "git@github.com:mykolapryvalov/flux-gitops.git",
            "svn_url": "https://github.com/mykolapryvalov/flux-gitops",
            "template": [],
            "topics": [],
            "visibility": "private",
            "vulnerability_alerts": false,
            "web_commit_signoff_required": false
          },
          "sensitive_attributes": [],
          "private": "eyJzY2hlbWFfdmVyc2lvbiI6IjEifQ=="
        }
      ]
    },
    {
      "module": "module.github_repository",
      "mode": "managed",
      "type": "github_repository_deploy_key",
      "name": "this",
      "provider": "module.github_repository.provider[\"registry.terraform.io/integrations/github\"]",
      "instances": [
        {
          "schema_version": 0,
          "attributes": {
            "etag": "W/\"3b5a1aeb5038ed8cd4a9632fecc2ac7dff45179bee17e2bfafb02a41409707a2\"",
            "id": "flux-gitops:100094922",
            "key": "ecdsa-sha2-nistp256 AAAAE2VjZHNhLXNoYTItbmlzdHAyNTYAAAAIbmlzdHAyNTYAAABBBInfSEdpmRCQKyoJ05VV4wOYCZMDipAdrVZdW/40sMARP6OLNose/yL1ejXWb1nmJmLmfqBlM0r40Dewe1LOJgk=",
            "read_only": false,
            "repository": "flux-gitops",
            "title": "flux-ssh-pub"
          },
          "sensitive_attributes": [
            [
              {
                "type": "get_attr",
                "value": "key"
              }
            ]
          ],
          "private": "bnVsbA==",
          "dependencies": [
            "module.github_repository.github_repository.this",
            "module.tls_private_key.tls_private_key.this"
          ]
        }
      ]
    },
    {
      "module": "module.gke_cluster",
      "mode": "managed",
      "type": "google_container_node_pool",
      "name": "this",
      "provider": "module.gke_cluster.provider[\"registry.terraform.io/hashicorp/google\"]",
      "instances": []
    },
    {
      "module": "module.gke_cluster",
      "mode": "managed",
      "type": "local_file",
      "name": "kubeconfig",
      "provider": "provider[\"registry.terraform.io/hashicorp/local\"]",
      "instances": []
    },
    {
      "module": "module.tls_private_key",
      "mode": "managed",
      "type": "tls_private_key",
      "name": "this",
      "provider": "provider[\"registry.terraform.io/hashicorp/tls\"]",
      "instances": [
        {
          "schema_version": 1,
          "attributes": {
            "algorithm": "ECDSA",
            "ecdsa_curve": "P256",
            "id": "d9bc29999e4bc34bb20d292dbf2705e7a2add476",
            "private_key_openssh": "-----BEGIN OPENSSH PRIVATE KEY-----\nb3BlbnNzaC1rZXktdjEAAAAABG5vbmUAAAAEbm9uZQAAAAAAAAABAAAAaAAAABNl\nY2RzYS1zaGEyLW5pc3RwMjU2AAAACG5pc3RwMjU2AAAAQQSJ30hHaZkQkCsqCdOV\nVeMDmAmTA4qQHa1WXVv+NLDAET+jizaLHv8i9Xo11m9Z5iZi5n6gZTNK+NA3sHtS\nziYJAAAAmG5/Zf1uf2X9AAAAE2VjZHNhLXNoYTItbmlzdHAyNTYAAAAIbmlzdHAy\nNTYAAABBBInfSEdpmRCQKyoJ05VV4wOYCZMDipAdrVZdW/40sMARP6OLNose/yL1\nejXWb1nmJmLmfqBlM0r40Dewe1LOJgkAAAAgdqkrweWN9kUytCraJHQ1pArOjjox\nWVdwfUDq8RuoajkAAAAA\n-----END OPENSSH PRIVATE KEY-----\n",
            "private_key_pem": "-----BEGIN EC PRIVATE KEY-----\nMHcCAQEEIHapK8HljfZFMrQq2iR0NaQKzo46MVlXcH1A6vEbqGo5oAoGCCqGSM49\nAwEHoUQDQgAEid9IR2mZEJArKgnTlVXjA5gJkwOKkB2tVl1b/jSwwBE/o4s2ix7/\nIvV6NdZvWeYmYuZ+oGUzSvjQN7B7Us4mCQ==\n-----END EC PRIVATE KEY-----\n",
            "private_key_pem_pkcs8": "-----BEGIN PRIVATE KEY-----\nMIGHAgEAMBMGByqGSM49AgEGCCqGSM49AwEHBG0wawIBAQQgdqkrweWN9kUytCra\nJHQ1pArOjjoxWVdwfUDq8RuoajmhRANCAASJ30hHaZkQkCsqCdOVVeMDmAmTA4qQ\nHa1WXVv+NLDAET+jizaLHv8i9Xo11m9Z5iZi5n6gZTNK+NA3sHtSziYJ\n-----END PRIVATE KEY-----\n",
            "public_key_fingerprint_md5": "d3:e1:53:d5:a4:2f:9c:e7:ee:f1:9c:bc:aa:fc:0b:08",
            "public_key_fingerprint_sha256": "SHA256:RcAmd3EI4Kd7y9Qqm7LltIPaD2wvp+abXdFYLg/iAuE",
            "public_key_openssh": "ecdsa-sha2-nistp256 AAAAE2VjZHNhLXNoYTItbmlzdHAyNTYAAAAIbmlzdHAyNTYAAABBBInfSEdpmRCQKyoJ05VV4wOYCZMDipAdrVZdW/40sMARP6OLNose/yL1ejXWb1nmJmLmfqBlM0r40Dewe1LOJgk=\n",
            "public_key_pem": "-----BEGIN PUBLIC KEY-----\nMFkwEwYHKoZIzj0CAQYIKoZIzj0DAQcDQgAEid9IR2mZEJArKgnTlVXjA5gJkwOK\nkB2tVl1b/jSwwBE/o4s2ix7/IvV6NdZvWeYmYuZ+oGUzSvjQN7B7Us4mCQ==\n-----END PUBLIC KEY-----\n",
            "rsa_bits": 2048
          },
          "sensitive_attributes": []
        }
      ]
    }
  ],
  "check_results": null
}
