{
  "version": 4,
  "terraform_version": "1.5.7",
  "serial": 20,
  "lineage": "f24c4441-26ad-958b-2b34-36bd5eebb110",
  "outputs": {},
  "resources": [
    {
      "module": "module.github_repository",
      "mode": "managed",
      "type": "github_repository",
      "name": "this",
      "provider": "module.github_repository.provider[\"registry.terraform.io/integrations/github\"]",
      "instances": [
        {
          "schema_version": 1,
          "attributes": {
            "allow_auto_merge": false,
            "allow_merge_commit": true,
            "allow_rebase_merge": true,
            "allow_squash_merge": true,
            "allow_update_branch": false,
            "archive_on_destroy": null,
            "archived": false,
            "auto_init": true,
            "default_branch": "main",
            "delete_branch_on_merge": false,
            "description": "",
            "etag": "W/\"5d97c0bcaeb661c5435fd39dd9a0069211aadb31176895f9ed7d8d8350f10a36\"",
            "full_name": "mykolapryvalov/flux-gitops",
            "git_clone_url": "git://github.com/mykolapryvalov/flux-gitops.git",
            "gitignore_template": null,
            "has_discussions": false,
            "has_downloads": false,
            "has_issues": false,
            "has_projects": false,
            "has_wiki": false,
            "homepage_url": "",
            "html_url": "https://github.com/mykolapryvalov/flux-gitops",
            "http_clone_url": "https://github.com/mykolapryvalov/flux-gitops.git",
            "id": "flux-gitops",
            "ignore_vulnerability_alerts_during_read": null,
            "is_template": false,
            "license_template": null,
            "merge_commit_message": "PR_TITLE",
            "merge_commit_title": "MERGE_MESSAGE",
            "name": "flux-gitops",
            "node_id": "R_kgDOL-FQtw",
            "pages": [],
            "primary_language": "",
            "private": true,
            "repo_id": 803295415,
            "security_and_analysis": [],
            "squash_merge_commit_message": "COMMIT_MESSAGES",
            "squash_merge_commit_title": "COMMIT_OR_PR_TITLE",
            "ssh_clone_url": "git@github.com:mykolapryvalov/flux-gitops.git",
            "svn_url": "https://github.com/mykolapryvalov/flux-gitops",
            "template": [],
            "topics": [],
            "visibility": "private",
            "vulnerability_alerts": false,
            "web_commit_signoff_required": false
          },
          "sensitive_attributes": [],
          "private": "eyJzY2hlbWFfdmVyc2lvbiI6IjEifQ=="
        }
      ]
    },
    {
      "module": "module.github_repository",
      "mode": "managed",
      "type": "github_repository_deploy_key",
      "name": "this",
      "provider": "module.github_repository.provider[\"registry.terraform.io/integrations/github\"]",
      "instances": [
        {
          "schema_version": 0,
          "attributes": {
            "etag": "W/\"c347402f3c0e802d3bd6bf54a7de49749cb3d59e51fa332fda509513902822ec\"",
            "id": "flux-gitops:100096322",
            "key": "ecdsa-sha2-nistp256 AAAAE2VjZHNhLXNoYTItbmlzdHAyNTYAAAAIbmlzdHAyNTYAAABBBM5lxXkNLZQttiJdB+bJFXg1rh4vgE1dd9bkKrWNV5j00UfjZTmBX0XEbLNsEY71UvlnIRYcTMnJi1wmcm3BY7w=",
            "read_only": false,
            "repository": "flux-gitops",
            "title": "flux-ssh-pub"
          },
          "sensitive_attributes": [
            [
              {
                "type": "get_attr",
                "value": "key"
              }
            ]
          ],
          "private": "bnVsbA==",
          "dependencies": [
            "module.github_repository.github_repository.this",
            "module.tls_private_key.tls_private_key.this"
          ]
        }
      ]
    },
    {
      "module": "module.gke_cluster",
      "mode": "managed",
      "type": "google_container_cluster",
      "name": "this",
      "provider": "module.gke_cluster.provider[\"registry.terraform.io/hashicorp/google\"]",
      "instances": [
        {
          "schema_version": 1,
          "attributes": {
            "addons_config": [
              {
                "cloudrun_config": [],
                "config_connector_config": [],
                "dns_cache_config": [],
                "gce_persistent_disk_csi_driver_config": [
                  {
                    "enabled": true
                  }
                ],
                "gcp_filestore_csi_driver_config": [],
                "gke_backup_agent_config": [],
                "horizontal_pod_autoscaling": [],
                "http_load_balancing": [],
                "network_policy_config": [
                  {
                    "disabled": true
                  }
                ]
              }
            ],
            "authenticator_groups_config": [],
            "binary_authorization": [
              {
                "enabled": false,
                "evaluation_mode": ""
              }
            ],
            "cluster_autoscaling": [
              {
                "auto_provisioning_defaults": [],
                "enabled": false,
                "resource_limits": []
              }
            ],
            "cluster_ipv4_cidr": "10.0.0.0/14",
            "confidential_nodes": [],
            "cost_management_config": [],
            "database_encryption": [
              {
                "key_name": "",
                "state": "DECRYPTED"
              }
            ],
            "datapath_provider": "",
            "default_max_pods_per_node": null,
            "default_snat_status": [
              {
                "disabled": false
              }
            ],
            "description": "",
            "dns_config": [],
            "enable_autopilot": false,
            "enable_binary_authorization": false,
            "enable_intranode_visibility": false,
            "enable_kubernetes_alpha": false,
            "enable_l4_ilb_subsetting": false,
            "enable_legacy_abac": false,
            "enable_shielded_nodes": true,
            "enable_tpu": false,
            "endpoint": "35.238.236.145",
            "gateway_api_config": [],
            "id": "projects/terraform2-423211/locations/us-central1-c/clusters/main",
            "initial_node_count": 1,
            "ip_allocation_policy": [],
            "label_fingerprint": "a9dc16a7",
            "location": "us-central1-c",
            "logging_config": [
              {
                "enable_components": [
                  "SYSTEM_COMPONENTS",
                  "WORKLOADS"
                ]
              }
            ],
            "logging_service": "logging.googleapis.com/kubernetes",
            "maintenance_policy": [],
            "master_auth": [
              {
                "client_certificate": "",
                "client_certificate_config": [
                  {
                    "issue_client_certificate": false
                  }
                ],
                "client_key": "",
                "cluster_ca_certificate": "LS0tLS1CRUdJTiBDRVJUSUZJQ0FURS0tLS0tCk1JSUVMRENDQXBTZ0F3SUJBZ0lRUm9vYkVlOHRmRmVPRjBuUXJ5YitZakFOQmdrcWhraUc5dzBCQVFzRkFEQXYKTVMwd0t3WURWUVFERXlReVpXWTFOakExTkMxbU1XVmpMVFF5TkRrdFlUWmtNQzAyWkRObE5EQmpOREUxTnpndwpJQmNOTWpRd05USXdNVEl5TnpBNVdoZ1BNakExTkRBMU1UTXhNekkzTURsYU1DOHhMVEFyQmdOVkJBTVRKREpsClpqVTJNRFUwTFdZeFpXTXROREkwT1MxaE5tUXdMVFprTTJVME1HTTBNVFUzT0RDQ0FhSXdEUVlKS29aSWh2Y04KQVFFQkJRQURnZ0dQQURDQ0FZb0NnZ0dCQVBWaUl6amZkbnVzWHNSTkRaam5JU0xsVTVjNjdoVVlQUWFLTXVVZQozNWtGWHcyaUtJZmZLYWZ2eEJGN3pYeGFYVERSUzU3NEt6UUVsS0RuTHNaa2I0VGpDY3kzTHVpdW9NckxGSFF2CjA1TEdUbUZ3blJpYzJJTUh1bHFqb05HS0JUNWxqdU1ucS9EYjFQRkhCWlNUVk1VMzFaeldWS2lsK2lUejBvSUUKajBrU2VESlpBVmFMMFc4eXhlUWdVNjM3SVl3cmw5Y1JLaEhMSXVzZWFnT2hiL3VOSXY5VmVzYzhWN0xiZzdFTwpTcExuOTd3YjNsQXBMSEhSd1FiK3NHU3hRaUtPS2hZaWljUVlnc1dXeGRXVzFqRXhlUGdoL3dCcTBidko2aU9vCjRXeXFPbW9CaFhtemFmMUdFYktiRGZIWmJMVzVpTGl4TU05RTdlVnc2ODQreGdUc3BPdnZhSTBMMnkyT2QxQ0kKMk9FSS95VHpqbHZhTnhTODNZNFRETHkvVnRGWkpjRHY3aWF0VnczYnI2MHZUaDBTNEorcnN5RU5CZGFDaDg3ZQoxVFhOcFROY2lsNHU5cHRmbVV0NkY5OUxQVGFnN2IzSVhaZG5XbEJWNVN4QWZrdDN4RWtUM1ZDZ1RMVWJuWE51CnozWklWbkVET0NKTHZ1MGoycXM2MFRoWkNRSURBUUFCbzBJd1FEQU9CZ05WSFE4QkFmOEVCQU1DQWdRd0R3WUQKVlIwVEFRSC9CQVV3QXdFQi96QWRCZ05WSFE0RUZnUVV4Y3BjZVd2VFVQcExEMTFlNmpZRFp4VW9Lamt3RFFZSgpLb1pJaHZjTkFRRUxCUUFEZ2dHQkFLaStDWFFOajBTQ2N1WGMrd1VOU1NxK2dZdCtWMnBGc2MzbkRCMUNycEtsCnFxTWp1eXJ0U2lDbWlZZXRzOG9TdFFmVnJlb0pESDl5blRvMWFXODNwYThvMzBJTXliZjdwL0NEY1R4V0NFbWsKOTlicjlXalloc2w4NUQ2YnBPTDhUZklSTmJNMXo5K2VML2ZnQVVSSVZkRWRNRXlLSTBRbXlHRjFpcEgwblZEWAovaVc4RE95b3o3allvazdGeG5IZTNVSE9oZEZaaW9YR0hDNDdMaHdSR2VJaWFnNEljMi9keWVtaDYyRzBDZDd3CjlPc1NzSVRRcHhoeU5ZNTIwNVowNkgrTFhQbVFPb2VnNndvRWVOQWdPUnl1ZXUrR3RQa1lLb3pQcHpBeXFkSXUKNVJZSWhBVEduRU9tbnA1Q2ZZV1FqTEswY09nMFUrbmNTSU1aMGhjZHVqOGQzUE4rQmlxbjJuQndCTkh6dllDRAo5V21qNkJoSTNILzhnN1Q4WDlqUHU0MFdvT21wNU5YdFBqMjFLVG5qTW5iaUJRM0N5TmkrdnBtbG5FZ3VnNGh2CkdISW0xbVErVW1RdjNaNWtmdmVIZ05iNE9Ja3dBM2hxUEV6cC9jTDdnVDhzZ055ZkY4QzVBMElHNlp0NmEyOTAKbjRPdndwamRUbjVEQXJTMHJLb1FEdz09Ci0tLS0tRU5EIENFUlRJRklDQVRFLS0tLS0K"
              }
            ],
            "master_authorized_networks_config": [],
            "master_version": "1.28.8-gke.1095000",
            "mesh_certificates": [],
            "min_master_version": null,
            "monitoring_config": [
              {
                "enable_components": [
                  "SYSTEM_COMPONENTS"
                ],
                "managed_prometheus": [
                  {
                    "enabled": true
                  }
                ]
              }
            ],
            "monitoring_service": "monitoring.googleapis.com/kubernetes",
            "name": "main",
            "network": "projects/terraform2-423211/global/networks/default",
            "network_policy": [
              {
                "enabled": false,
                "provider": "PROVIDER_UNSPECIFIED"
              }
            ],
            "networking_mode": "ROUTES",
            "node_config": [],
            "node_locations": [],
            "node_pool": [],
            "node_pool_defaults": [
              {
                "node_config_defaults": [
                  {
                    "logging_variant": "DEFAULT"
                  }
                ]
              }
            ],
            "node_version": "1.28.8-gke.1095000",
            "notification_config": [
              {
                "pubsub": [
                  {
                    "enabled": false,
                    "filter": [],
                    "topic": ""
                  }
                ]
              }
            ],
            "operation": null,
            "private_cluster_config": [
              {
                "enable_private_endpoint": false,
                "enable_private_nodes": false,
                "master_global_access_config": [
                  {
                    "enabled": false
                  }
                ],
                "master_ipv4_cidr_block": "",
                "peering_name": "",
                "private_endpoint": "10.128.0.2",
                "private_endpoint_subnetwork": "",
                "public_endpoint": "35.238.236.145"
              }
            ],
            "private_ipv6_google_access": "",
            "project": "terraform2-423211",
            "release_channel": [
              {
                "channel": "REGULAR"
              }
            ],
            "remove_default_node_pool": true,
            "resource_labels": null,
            "resource_usage_export_config": [],
            "self_link": "https://container.googleapis.com/v1/projects/terraform2-423211/zones/us-central1-c/clusters/main",
            "service_external_ips_config": [
              {
                "enabled": false
              }
            ],
            "services_ipv4_cidr": "10.3.240.0/20",
            "subnetwork": "projects/terraform2-423211/regions/us-central1/subnetworks/default",
            "timeouts": null,
            "tpu_ipv4_cidr_block": "",
            "vertical_pod_autoscaling": [],
            "workload_identity_config": [
              {
                "workload_pool": "terraform2-423211.svc.id.goog"
              }
            ]
          },
          "sensitive_attributes": [],
          "private": "eyJlMmJmYjczMC1lY2FhLTExZTYtOGY4OC0zNDM2M2JjN2M0YzAiOnsiY3JlYXRlIjoyNDAwMDAwMDAwMDAwLCJkZWxldGUiOjI0MDAwMDAwMDAwMDAsInJlYWQiOjI0MDAwMDAwMDAwMDAsInVwZGF0ZSI6MzYwMDAwMDAwMDAwMH0sInNjaGVtYV92ZXJzaW9uIjoiMSJ9"
        }
      ]
    },
    {
      "module": "module.gke_cluster",
      "mode": "managed",
      "type": "google_container_node_pool",
      "name": "this",
      "provider": "module.gke_cluster.provider[\"registry.terraform.io/hashicorp/google\"]",
      "instances": [
        {
          "schema_version": 1,
          "attributes": {
            "autoscaling": [],
            "cluster": "main",
            "id": "projects/terraform2-423211/locations/us-central1-c/clusters/main/nodePools/main",
            "initial_node_count": 2,
            "instance_group_urls": [
              "https://www.googleapis.com/compute/v1/projects/terraform2-423211/zones/us-central1-c/instanceGroupManagers/gke-main-main-3f5c31e6-grp"
            ],
            "location": "us-central1-c",
            "managed_instance_group_urls": [
              "https://www.googleapis.com/compute/v1/projects/terraform2-423211/zones/us-central1-c/instanceGroups/gke-main-main-3f5c31e6-grp"
            ],
            "management": [
              {
                "auto_repair": true,
                "auto_upgrade": true
              }
            ],
            "max_pods_per_node": null,
            "name": "main",
            "name_prefix": "",
            "network_config": [
              {
                "create_pod_range": false,
                "enable_private_nodes": false,
                "pod_ipv4_cidr_block": "",
                "pod_range": ""
              }
            ],
            "node_config": [
              {
                "boot_disk_kms_key": "",
                "disk_size_gb": 100,
                "disk_type": "pd-balanced",
                "gcfs_config": [],
                "guest_accelerator": [],
                "gvnic": [],
                "image_type": "COS_CONTAINERD",
                "kubelet_config": [],
                "labels": {},
                "linux_node_config": [],
                "local_ssd_count": 0,
                "logging_variant": "DEFAULT",
                "machine_type": "g1-small",
                "metadata": {
                  "disable-legacy-endpoints": "true"
                },
                "min_cpu_platform": "",
                "node_group": "",
                "oauth_scopes": [
                  "https://www.googleapis.com/auth/devstorage.read_only",
                  "https://www.googleapis.com/auth/logging.write",
                  "https://www.googleapis.com/auth/monitoring",
                  "https://www.googleapis.com/auth/service.management.readonly",
                  "https://www.googleapis.com/auth/servicecontrol",
                  "https://www.googleapis.com/auth/trace.append"
                ],
                "preemptible": false,
                "reservation_affinity": [],
                "resource_labels": null,
                "service_account": "default",
                "shielded_instance_config": [
                  {
                    "enable_integrity_monitoring": true,
                    "enable_secure_boot": false
                  }
                ],
                "spot": false,
                "tags": null,
                "taint": [],
                "workload_metadata_config": [
                  {
                    "mode": "GKE_METADATA"
                  }
                ]
              }
            ],
            "node_count": 2,
            "node_locations": [
              "us-central1-c"
            ],
            "operation": null,
            "placement_policy": [],
            "project": "terraform2-423211",
            "timeouts": null,
            "upgrade_settings": [
              {
                "blue_green_settings": [],
                "max_surge": 1,
                "max_unavailable": 0,
                "strategy": "SURGE"
              }
            ],
            "version": "1.28.8-gke.1095000"
          },
          "sensitive_attributes": [],
          "private": "eyJlMmJmYjczMC1lY2FhLTExZTYtOGY4OC0zNDM2M2JjN2M0YzAiOnsiY3JlYXRlIjoxODAwMDAwMDAwMDAwLCJkZWxldGUiOjE4MDAwMDAwMDAwMDAsInVwZGF0ZSI6MTgwMDAwMDAwMDAwMH0sInNjaGVtYV92ZXJzaW9uIjoiMSJ9",
          "dependencies": [
            "module.gke_cluster.google_container_cluster.this"
          ]
        }
      ]
    },
    {
      "module": "module.gke_cluster",
      "mode": "managed",
      "type": "local_file",
      "name": "kubeconfig",
      "provider": "provider[\"registry.terraform.io/hashicorp/local\"]",
      "instances": [
        {
          "schema_version": 0,
          "attributes": {
            "content": "apiVersion: v1\nclusters:\n- cluster:\n    certificate-authority-data: LS0tLS1CRUdJTiBDRVJUSUZJQ0FURS0tLS0tCk1JSUVMRENDQXBTZ0F3SUJBZ0lRUm9vYkVlOHRmRmVPRjBuUXJ5YitZakFOQmdrcWhraUc5dzBCQVFzRkFEQXYKTVMwd0t3WURWUVFERXlReVpXWTFOakExTkMxbU1XVmpMVFF5TkRrdFlUWmtNQzAyWkRObE5EQmpOREUxTnpndwpJQmNOTWpRd05USXdNVEl5TnpBNVdoZ1BNakExTkRBMU1UTXhNekkzTURsYU1DOHhMVEFyQmdOVkJBTVRKREpsClpqVTJNRFUwTFdZeFpXTXROREkwT1MxaE5tUXdMVFprTTJVME1HTTBNVFUzT0RDQ0FhSXdEUVlKS29aSWh2Y04KQVFFQkJRQURnZ0dQQURDQ0FZb0NnZ0dCQVBWaUl6amZkbnVzWHNSTkRaam5JU0xsVTVjNjdoVVlQUWFLTXVVZQozNWtGWHcyaUtJZmZLYWZ2eEJGN3pYeGFYVERSUzU3NEt6UUVsS0RuTHNaa2I0VGpDY3kzTHVpdW9NckxGSFF2CjA1TEdUbUZ3blJpYzJJTUh1bHFqb05HS0JUNWxqdU1ucS9EYjFQRkhCWlNUVk1VMzFaeldWS2lsK2lUejBvSUUKajBrU2VESlpBVmFMMFc4eXhlUWdVNjM3SVl3cmw5Y1JLaEhMSXVzZWFnT2hiL3VOSXY5VmVzYzhWN0xiZzdFTwpTcExuOTd3YjNsQXBMSEhSd1FiK3NHU3hRaUtPS2hZaWljUVlnc1dXeGRXVzFqRXhlUGdoL3dCcTBidko2aU9vCjRXeXFPbW9CaFhtemFmMUdFYktiRGZIWmJMVzVpTGl4TU05RTdlVnc2ODQreGdUc3BPdnZhSTBMMnkyT2QxQ0kKMk9FSS95VHpqbHZhTnhTODNZNFRETHkvVnRGWkpjRHY3aWF0VnczYnI2MHZUaDBTNEorcnN5RU5CZGFDaDg3ZQoxVFhOcFROY2lsNHU5cHRmbVV0NkY5OUxQVGFnN2IzSVhaZG5XbEJWNVN4QWZrdDN4RWtUM1ZDZ1RMVWJuWE51CnozWklWbkVET0NKTHZ1MGoycXM2MFRoWkNRSURBUUFCbzBJd1FEQU9CZ05WSFE4QkFmOEVCQU1DQWdRd0R3WUQKVlIwVEFRSC9CQVV3QXdFQi96QWRCZ05WSFE0RUZnUVV4Y3BjZVd2VFVQcExEMTFlNmpZRFp4VW9Lamt3RFFZSgpLb1pJaHZjTkFRRUxCUUFEZ2dHQkFLaStDWFFOajBTQ2N1WGMrd1VOU1NxK2dZdCtWMnBGc2MzbkRCMUNycEtsCnFxTWp1eXJ0U2lDbWlZZXRzOG9TdFFmVnJlb0pESDl5blRvMWFXODNwYThvMzBJTXliZjdwL0NEY1R4V0NFbWsKOTlicjlXalloc2w4NUQ2YnBPTDhUZklSTmJNMXo5K2VML2ZnQVVSSVZkRWRNRXlLSTBRbXlHRjFpcEgwblZEWAovaVc4RE95b3o3allvazdGeG5IZTNVSE9oZEZaaW9YR0hDNDdMaHdSR2VJaWFnNEljMi9keWVtaDYyRzBDZDd3CjlPc1NzSVRRcHhoeU5ZNTIwNVowNkgrTFhQbVFPb2VnNndvRWVOQWdPUnl1ZXUrR3RQa1lLb3pQcHpBeXFkSXUKNVJZSWhBVEduRU9tbnA1Q2ZZV1FqTEswY09nMFUrbmNTSU1aMGhjZHVqOGQzUE4rQmlxbjJuQndCTkh6dllDRAo5V21qNkJoSTNILzhnN1Q4WDlqUHU0MFdvT21wNU5YdFBqMjFLVG5qTW5iaUJRM0N5TmkrdnBtbG5FZ3VnNGh2CkdISW0xbVErVW1RdjNaNWtmdmVIZ05iNE9Ja3dBM2hxUEV6cC9jTDdnVDhzZ055ZkY4QzVBMElHNlp0NmEyOTAKbjRPdndwamRUbjVEQXJTMHJLb1FEdz09Ci0tLS0tRU5EIENFUlRJRklDQVRFLS0tLS0K\n    server: https://35.238.236.145\n  name: main\ncontexts:\n- context:\n    cluster: main\n    user: main\n  name: main\ncurrent-context: main\nkind: Config\npreferences: {}\nusers:\n- name: main\n  user:\n    token: ya29.a0AXooCgv-UVoCjR5Y-ZlHJeL1omCrttp15SBlPSFBn93gtLdX9TQat7u0JnthktW76WYrLZPJICWDgJciYei9CSKUxjOayfNblKdfMh3Ckw2RBcT_ODqoHIYpHP615xJ4Wvw3xAFj7lmAhkU2xIj_HX9_j8Ij6jbR5aCGWNSquUewdmgEeZFt56SYew7ncuyxglVbDrZsFbjSpAZKu-q1mDEx5xLOPvfFQnGK92l4xqmpl7PfuSdUaXEbfXFKryDI7VBpyWvwbK7IXHgH6QcMREGbwMWBxklBeAP9Uc1t3QhoL8uG5EIL-S12aL_98ZqkDylQNBfq0dCr0NacVw5eqhsKcI96MbU04eXZ0XHlKfd4Fzawx85RL9_BLkeYO9hs9Q--S43kx6AzOmMl9MBkR7czAwUsaCgYKASESARASFQHGX2MirEzUaz_CciFoyJz-mLVx8w0419\n",
            "content_base64": null,
            "content_base64sha256": "XmTQl1FW3jj6PuPNh6XQ4C28+9WbPqkv4/N+raEnhrU=",
            "content_base64sha512": "O57Pcllc7r+NkFXY3FfekVwQWpHN0J+FjQk9LtJO6tlNRQjYo4WOgOlZ8wSYJKKAx56wyjk7lKGQwvDx/J3sSw==",
            "content_md5": "e67fa34e6f0c2b53c8052861042ab62d",
            "content_sha1": "8232f7d33f9cc438e4e537af9fb55b7593e90c8a",
            "content_sha256": "5e64d0975156de38fa3ee3cd87a5d0e02dbcfbd59b3ea92fe3f37eada12786b5",
            "content_sha512": "3b9ecf72595ceebf8d9055d8dc57de915c105a91cdd09f858d093d2ed24eead94d4508d8a3858e80e959f3049824a280c79eb0ca393b94a190c2f0f1fc9dec4b",
            "directory_permission": "0777",
            "file_permission": "0400",
            "filename": ".terraform/modules/gke_cluster/kubeconfig",
            "id": "8232f7d33f9cc438e4e537af9fb55b7593e90c8a",
            "sensitive_content": null,
            "source": null
          },
          "sensitive_attributes": [
            [
              {
                "type": "get_attr",
                "value": "content"
              }
            ]
          ],
          "dependencies": [
            "module.gke_cluster.google_container_cluster.this",
            "module.gke_cluster.module.gke_auth.data.google_client_config.provider",
            "module.gke_cluster.module.gke_auth.data.google_container_cluster.gke_cluster"
          ]
        }
      ]
    },
    {
      "module": "module.gke_cluster.module.gke_auth",
      "mode": "data",
      "type": "google_client_config",
      "name": "provider",
      "provider": "module.gke_cluster.provider[\"registry.terraform.io/hashicorp/google\"]",
      "instances": [
        {
          "schema_version": 0,
          "attributes": {
            "access_token": "ya29.a0AXooCgv-UVoCjR5Y-ZlHJeL1omCrttp15SBlPSFBn93gtLdX9TQat7u0JnthktW76WYrLZPJICWDgJciYei9CSKUxjOayfNblKdfMh3Ckw2RBcT_ODqoHIYpHP615xJ4Wvw3xAFj7lmAhkU2xIj_HX9_j8Ij6jbR5aCGWNSquUewdmgEeZFt56SYew7ncuyxglVbDrZsFbjSpAZKu-q1mDEx5xLOPvfFQnGK92l4xqmpl7PfuSdUaXEbfXFKryDI7VBpyWvwbK7IXHgH6QcMREGbwMWBxklBeAP9Uc1t3QhoL8uG5EIL-S12aL_98ZqkDylQNBfq0dCr0NacVw5eqhsKcI96MbU04eXZ0XHlKfd4Fzawx85RL9_BLkeYO9hs9Q--S43kx6AzOmMl9MBkR7czAwUsaCgYKASESARASFQHGX2MirEzUaz_CciFoyJz-mLVx8w0419",
            "id": "projects/terraform2-423211/regions/us-central1-c/zones/",
            "project": "terraform2-423211",
            "region": "us-central1-c",
            "zone": ""
          },
          "sensitive_attributes": []
        }
      ]
    },
    {
      "module": "module.gke_cluster.module.gke_auth",
      "mode": "data",
      "type": "google_container_cluster",
      "name": "gke_cluster",
      "provider": "module.gke_cluster.provider[\"registry.terraform.io/hashicorp/google\"]",
      "instances": [
        {
          "schema_version": 0,
          "attributes": {
            "addons_config": [
              {
                "cloudrun_config": [],
                "config_connector_config": [],
                "dns_cache_config": [],
                "gce_persistent_disk_csi_driver_config": [
                  {
                    "enabled": true
                  }
                ],
                "gcp_filestore_csi_driver_config": [],
                "gke_backup_agent_config": [],
                "horizontal_pod_autoscaling": [],
                "http_load_balancing": [],
                "network_policy_config": [
                  {
                    "disabled": true
                  }
                ]
              }
            ],
            "authenticator_groups_config": [],
            "binary_authorization": [
              {
                "enabled": false,
                "evaluation_mode": ""
              }
            ],
            "cluster_autoscaling": [
              {
                "auto_provisioning_defaults": [],
                "enabled": false,
                "resource_limits": []
              }
            ],
            "cluster_ipv4_cidr": "10.0.0.0/14",
            "confidential_nodes": [],
            "cost_management_config": [],
            "database_encryption": [
              {
                "key_name": "",
                "state": "DECRYPTED"
              }
            ],
            "datapath_provider": "",
            "default_max_pods_per_node": null,
            "default_snat_status": [
              {
                "disabled": false
              }
            ],
            "description": "",
            "dns_config": [],
            "enable_autopilot": false,
            "enable_binary_authorization": false,
            "enable_intranode_visibility": false,
            "enable_kubernetes_alpha": false,
            "enable_l4_ilb_subsetting": false,
            "enable_legacy_abac": false,
            "enable_shielded_nodes": true,
            "enable_tpu": false,
            "endpoint": "35.238.236.145",
            "gateway_api_config": [],
            "id": "projects/terraform2-423211/locations/us-central1-c/clusters/main",
            "initial_node_count": 1,
            "ip_allocation_policy": [],
            "label_fingerprint": "a9dc16a7",
            "location": "us-central1-c",
            "logging_config": [
              {
                "enable_components": [
                  "SYSTEM_COMPONENTS",
                  "WORKLOADS"
                ]
              }
            ],
            "logging_service": "logging.googleapis.com/kubernetes",
            "maintenance_policy": [],
            "master_auth": [
              {
                "client_certificate": "",
                "client_certificate_config": [
                  {
                    "issue_client_certificate": false
                  }
                ],
                "client_key": "",
                "cluster_ca_certificate": "LS0tLS1CRUdJTiBDRVJUSUZJQ0FURS0tLS0tCk1JSUVMRENDQXBTZ0F3SUJBZ0lRUm9vYkVlOHRmRmVPRjBuUXJ5YitZakFOQmdrcWhraUc5dzBCQVFzRkFEQXYKTVMwd0t3WURWUVFERXlReVpXWTFOakExTkMxbU1XVmpMVFF5TkRrdFlUWmtNQzAyWkRObE5EQmpOREUxTnpndwpJQmNOTWpRd05USXdNVEl5TnpBNVdoZ1BNakExTkRBMU1UTXhNekkzTURsYU1DOHhMVEFyQmdOVkJBTVRKREpsClpqVTJNRFUwTFdZeFpXTXROREkwT1MxaE5tUXdMVFprTTJVME1HTTBNVFUzT0RDQ0FhSXdEUVlKS29aSWh2Y04KQVFFQkJRQURnZ0dQQURDQ0FZb0NnZ0dCQVBWaUl6amZkbnVzWHNSTkRaam5JU0xsVTVjNjdoVVlQUWFLTXVVZQozNWtGWHcyaUtJZmZLYWZ2eEJGN3pYeGFYVERSUzU3NEt6UUVsS0RuTHNaa2I0VGpDY3kzTHVpdW9NckxGSFF2CjA1TEdUbUZ3blJpYzJJTUh1bHFqb05HS0JUNWxqdU1ucS9EYjFQRkhCWlNUVk1VMzFaeldWS2lsK2lUejBvSUUKajBrU2VESlpBVmFMMFc4eXhlUWdVNjM3SVl3cmw5Y1JLaEhMSXVzZWFnT2hiL3VOSXY5VmVzYzhWN0xiZzdFTwpTcExuOTd3YjNsQXBMSEhSd1FiK3NHU3hRaUtPS2hZaWljUVlnc1dXeGRXVzFqRXhlUGdoL3dCcTBidko2aU9vCjRXeXFPbW9CaFhtemFmMUdFYktiRGZIWmJMVzVpTGl4TU05RTdlVnc2ODQreGdUc3BPdnZhSTBMMnkyT2QxQ0kKMk9FSS95VHpqbHZhTnhTODNZNFRETHkvVnRGWkpjRHY3aWF0VnczYnI2MHZUaDBTNEorcnN5RU5CZGFDaDg3ZQoxVFhOcFROY2lsNHU5cHRmbVV0NkY5OUxQVGFnN2IzSVhaZG5XbEJWNVN4QWZrdDN4RWtUM1ZDZ1RMVWJuWE51CnozWklWbkVET0NKTHZ1MGoycXM2MFRoWkNRSURBUUFCbzBJd1FEQU9CZ05WSFE4QkFmOEVCQU1DQWdRd0R3WUQKVlIwVEFRSC9CQVV3QXdFQi96QWRCZ05WSFE0RUZnUVV4Y3BjZVd2VFVQcExEMTFlNmpZRFp4VW9Lamt3RFFZSgpLb1pJaHZjTkFRRUxCUUFEZ2dHQkFLaStDWFFOajBTQ2N1WGMrd1VOU1NxK2dZdCtWMnBGc2MzbkRCMUNycEtsCnFxTWp1eXJ0U2lDbWlZZXRzOG9TdFFmVnJlb0pESDl5blRvMWFXODNwYThvMzBJTXliZjdwL0NEY1R4V0NFbWsKOTlicjlXalloc2w4NUQ2YnBPTDhUZklSTmJNMXo5K2VML2ZnQVVSSVZkRWRNRXlLSTBRbXlHRjFpcEgwblZEWAovaVc4RE95b3o3allvazdGeG5IZTNVSE9oZEZaaW9YR0hDNDdMaHdSR2VJaWFnNEljMi9keWVtaDYyRzBDZDd3CjlPc1NzSVRRcHhoeU5ZNTIwNVowNkgrTFhQbVFPb2VnNndvRWVOQWdPUnl1ZXUrR3RQa1lLb3pQcHpBeXFkSXUKNVJZSWhBVEduRU9tbnA1Q2ZZV1FqTEswY09nMFUrbmNTSU1aMGhjZHVqOGQzUE4rQmlxbjJuQndCTkh6dllDRAo5V21qNkJoSTNILzhnN1Q4WDlqUHU0MFdvT21wNU5YdFBqMjFLVG5qTW5iaUJRM0N5TmkrdnBtbG5FZ3VnNGh2CkdISW0xbVErVW1RdjNaNWtmdmVIZ05iNE9Ja3dBM2hxUEV6cC9jTDdnVDhzZ055ZkY4QzVBMElHNlp0NmEyOTAKbjRPdndwamRUbjVEQXJTMHJLb1FEdz09Ci0tLS0tRU5EIENFUlRJRklDQVRFLS0tLS0K"
              }
            ],
            "master_authorized_networks_config": [],
            "master_version": "1.28.8-gke.1095000",
            "mesh_certificates": [],
            "min_master_version": null,
            "monitoring_config": [
              {
                "enable_components": [
                  "SYSTEM_COMPONENTS"
                ],
                "managed_prometheus": [
                  {
                    "enabled": true
                  }
                ]
              }
            ],
            "monitoring_service": "monitoring.googleapis.com/kubernetes",
            "name": "main",
            "network": "projects/terraform2-423211/global/networks/default",
            "network_policy": [
              {
                "enabled": false,
                "provider": "PROVIDER_UNSPECIFIED"
              }
            ],
            "networking_mode": "ROUTES",
            "node_config": [],
            "node_locations": [],
            "node_pool": [],
            "node_pool_defaults": [
              {
                "node_config_defaults": [
                  {
                    "logging_variant": "DEFAULT"
                  }
                ]
              }
            ],
            "node_version": "1.28.8-gke.1095000",
            "notification_config": [
              {
                "pubsub": [
                  {
                    "enabled": false,
                    "filter": [],
                    "topic": ""
                  }
                ]
              }
            ],
            "operation": null,
            "private_cluster_config": [
              {
                "enable_private_endpoint": false,
                "enable_private_nodes": false,
                "master_global_access_config": [
                  {
                    "enabled": false
                  }
                ],
                "master_ipv4_cidr_block": "",
                "peering_name": "",
                "private_endpoint": "10.128.0.2",
                "private_endpoint_subnetwork": "",
                "public_endpoint": "35.238.236.145"
              }
            ],
            "private_ipv6_google_access": "",
            "project": "terraform2-423211",
            "release_channel": [
              {
                "channel": "REGULAR"
              }
            ],
            "remove_default_node_pool": null,
            "resource_labels": {},
            "resource_usage_export_config": [],
            "self_link": "https://container.googleapis.com/v1/projects/terraform2-423211/zones/us-central1-c/clusters/main",
            "service_external_ips_config": [
              {
                "enabled": false
              }
            ],
            "services_ipv4_cidr": "10.3.240.0/20",
            "subnetwork": "projects/terraform2-423211/regions/us-central1/subnetworks/default",
            "tpu_ipv4_cidr_block": "",
            "vertical_pod_autoscaling": [],
            "workload_identity_config": [
              {
                "workload_pool": "terraform2-423211.svc.id.goog"
              }
            ]
          },
          "sensitive_attributes": []
        }
      ]
    },
    {
      "module": "module.tls_private_key",
      "mode": "managed",
      "type": "tls_private_key",
      "name": "this",
      "provider": "provider[\"registry.terraform.io/hashicorp/tls\"]",
      "instances": [
        {
          "schema_version": 1,
          "attributes": {
            "algorithm": "ECDSA",
            "ecdsa_curve": "P256",
            "id": "f820d65e956c0404b9fa01ca70dfaa9639cd56ec",
            "private_key_openssh": "-----BEGIN OPENSSH PRIVATE KEY-----\nb3BlbnNzaC1rZXktdjEAAAAABG5vbmUAAAAEbm9uZQAAAAAAAAABAAAAaAAAABNl\nY2RzYS1zaGEyLW5pc3RwMjU2AAAACG5pc3RwMjU2AAAAQQTOZcV5DS2ULbYiXQfm\nyRV4Na4eL4BNXXfW5Cq1jVeY9NFH42U5gV9FxGyzbBGO9VL5ZyEWHEzJyYtcJnJt\nwWO8AAAAoG/dP5Nv3T+TAAAAE2VjZHNhLXNoYTItbmlzdHAyNTYAAAAIbmlzdHAy\nNTYAAABBBM5lxXkNLZQttiJdB+bJFXg1rh4vgE1dd9bkKrWNV5j00UfjZTmBX0XE\nbLNsEY71UvlnIRYcTMnJi1wmcm3BY7wAAAAhAMHTka9X9s3gwObIJvDZT0W8aMzo\nWUvKW7f93VTpy2HEAAAAAAECAwQFBgc=\n-----END OPENSSH PRIVATE KEY-----\n",
            "private_key_pem": "-----BEGIN EC PRIVATE KEY-----\nMHcCAQEEIMHTka9X9s3gwObIJvDZT0W8aMzoWUvKW7f93VTpy2HEoAoGCCqGSM49\nAwEHoUQDQgAEzmXFeQ0tlC22Il0H5skVeDWuHi+ATV131uQqtY1XmPTRR+NlOYFf\nRcRss2wRjvVS+WchFhxMycmLXCZybcFjvA==\n-----END EC PRIVATE KEY-----\n",
            "private_key_pem_pkcs8": "-----BEGIN PRIVATE KEY-----\nMIGHAgEAMBMGByqGSM49AgEGCCqGSM49AwEHBG0wawIBAQQgwdORr1f2zeDA5sgm\n8NlPRbxozOhZS8pbt/3dVOnLYcShRANCAATOZcV5DS2ULbYiXQfmyRV4Na4eL4BN\nXXfW5Cq1jVeY9NFH42U5gV9FxGyzbBGO9VL5ZyEWHEzJyYtcJnJtwWO8\n-----END PRIVATE KEY-----\n",
            "public_key_fingerprint_md5": "4d:5b:79:f1:bc:3b:e9:9c:9e:11:9a:35:67:a4:61:e7",
            "public_key_fingerprint_sha256": "SHA256:mzveUhw4znBt0P8lQvekkYeyKPTa8Bugk9GYctMhcgE",
            "public_key_openssh": "ecdsa-sha2-nistp256 AAAAE2VjZHNhLXNoYTItbmlzdHAyNTYAAAAIbmlzdHAyNTYAAABBBM5lxXkNLZQttiJdB+bJFXg1rh4vgE1dd9bkKrWNV5j00UfjZTmBX0XEbLNsEY71UvlnIRYcTMnJi1wmcm3BY7w=\n",
            "public_key_pem": "-----BEGIN PUBLIC KEY-----\nMFkwEwYHKoZIzj0CAQYIKoZIzj0DAQcDQgAEzmXFeQ0tlC22Il0H5skVeDWuHi+A\nTV131uQqtY1XmPTRR+NlOYFfRcRss2wRjvVS+WchFhxMycmLXCZybcFjvA==\n-----END PUBLIC KEY-----\n",
            "rsa_bits": 2048
          },
          "sensitive_attributes": []
        }
      ]
    }
  ],
  "check_results": null
}
